
Microsoft Visual Studio Solution File, Format Version 12.00
# Visual Studio Version 17
VisualStudioVersion = 17.3.32929.385
MinimumVisualStudioVersion = 10.0.40219.1
Project("{9A19103F-16F7-4668-BE54-9A1E7A4F7556}") = "MISA.AMIS.KeToan.API", "MISA.AMIS.KeToan.API\MISA.AMIS.KeToan.API.csproj", "{3DCACF9A-9F5B-48E2-8E92-44619513FBA9}"
EndProject
Project("{FAE04EC0-301F-11D3-BF4B-00C04F79EFBC}") = "MISA.AMIS.KeToan.BL", "MISA.AMIS.KeToan.BL\MISA.AMIS.KeToan.BL.csproj", "{22E11F27-8EF3-4933-A695-0968E481C2EB}"
EndProject
Project("{FAE04EC0-301F-11D3-BF4B-00C04F79EFBC}") = "MISA.AMIS.KeToan.DL", "MISA.AMIS.KeToan.DL\MISA.AMIS.KeToan.DL.csproj", "{369D394D-D834-4147-87B0-F21A30F92ED7}"
EndProject
Project("{FAE04EC0-301F-11D3-BF4B-00C04F79EFBC}") = "MISA.AMIS.KeToan.Common", "MISA.AMIS.KeToan.Common\MISA.AMIS.KeToan.Common.csproj", "{8873E72B-524B-41D9-897C-900113F18FC6}"
EndProject
Global
	GlobalSection(SolutionConfigurationPlatforms) = preSolution
		Debug|Any CPU = Debug|Any CPU
		Release|Any CPU = Release|Any CPU
	EndGlobalSection
	GlobalSection(ProjectConfigurationPlatforms) = postSolution
		{3DCACF9A-9F5B-48E2-8E92-44619513FBA9}.Debug|Any CPU.ActiveCfg = Debug|Any CPU
		{3DCACF9A-9F5B-48E2-8E92-44619513FBA9}.Debug|Any CPU.Build.0 = Debug|Any CPU
		{3DCACF9A-9F5B-48E2-8E92-44619513FBA9}.Release|Any CPU.ActiveCfg = Release|Any CPU
		{3DCACF9A-9F5B-48E2-8E92-44619513FBA9}.Release|Any CPU.Build.0 = Release|Any CPU
		{22E11F27-8EF3-4933-A695-0968E481C2EB}.Debug|Any CPU.ActiveCfg = Debug|Any CPU
		{22E11F27-8EF3-4933-A695-0968E481C2EB}.Debug|Any CPU.Build.0 = Debug|Any CPU
		{22E11F27-8EF3-4933-A695-0968E481C2EB}.Release|Any CPU.ActiveCfg = Release|Any CPU
		{22E11F27-8EF3-4933-A695-0968E481C2EB}.Release|Any CPU.Build.0 = Release|Any CPU
		{369D394D-D834-4147-87B0-F21A30F92ED7}.Debug|Any CPU.ActiveCfg = Debug|Any CPU
		{369D394D-D834-4147-87B0-F21A30F92ED7}.Debug|Any CPU.Build.0 = Debug|Any CPU
		{369D394D-D834-4147-87B0-F21A30F92ED7}.Release|Any CPU.ActiveCfg = Release|Any CPU
		{369D394D-D834-4147-87B0-F21A30F92ED7}.Release|Any CPU.Build.0 = Release|Any CPU
		{8873E72B-524B-41D9-897C-900113F18FC6}.Debug|Any CPU.ActiveCfg = Debug|Any CPU
		{8873E72B-524B-41D9-897C-900113F18FC6}.Debug|Any CPU.Build.0 = Debug|Any CPU
		{8873E72B-524B-41D9-897C-900113F18FC6}.Release|Any CPU.ActiveCfg = Release|Any CPU
		{8873E72B-524B-41D9-897C-900113F18FC6}.Release|Any CPU.Build.0 = Release|Any CPU
	EndGlobalSection
	GlobalSection(SolutionProperties) = preSolution
		HideSolutionNode = FALSE
	EndGlobalSection
	GlobalSection(ExtensibilityGlobals) = postSolution
		SolutionGuid = {24A9736F-2E57-424F-91A4-270F1A6E010B}
	EndGlobalSection
EndGlobal
